{
  "name": "frontend",
  "lockfileVersion": 3,
  "requires": true,
  "packages": {
    "": {
      "dependencies": {
        "frontend": "file:.."
      }
    },
    "..": {
      "version": "0.1.0",
      "dependencies": {
        "@posthog/js": "^1.150.0",
        "@sentry/nextjs": "^7.99.0",
        "@supabase/supabase-js": "^2.89.0",
        "lucide-react": "^0.561.0",
        "next": "15.5.9",
        "react": "19.2.4",
        "react-dom": "19.2.4"
      },
      "devDependencies": {
        "@tailwindcss/postcss": "^4",
        "@types/node": "^20",
        "@types/react": "^19",
        "@types/react-dom": "^19",
        "eslint": "^9",
        "eslint-config-next": "15.5.9",
        "tailwindcss": "^4",
        "typescript": "^5"
      }
    },
    "node_modules/frontend": {
      "resolved": "..",
      "link": true
    }
  }
}
